{
  "version": 4,
  "terraform_version": "1.5.4",
  "serial": 1,
  "lineage": "b756ce2b-29b8-c643-3e13-e217628f6816",
  "outputs": {},
  "resources": [
    {
      "mode": "managed",
      "type": "aws_vpc",
      "name": "my_vpc",
      "provider": "provider[\"registry.terraform.io/hashicorp/aws\"]",
      "instances": [
        {
          "schema_version": 1,
          "attributes": {
            "arn": "arn:aws:ec2:ap-northeast-1:445605964569:vpc/vpc-0eae1ea9b766a8418",
            "assign_generated_ipv6_cidr_block": false,
            "cidr_block": "192.0.0.0/22",
            "default_network_acl_id": "acl-0e828e08f21cddf86",
            "default_route_table_id": "rtb-039f5cc637d7841a4",
            "default_security_group_id": "sg-0afc5d820cd9c104d",
            "dhcp_options_id": "dopt-0ae2d56d",
            "enable_dns_hostnames": false,
            "enable_dns_support": true,
            "enable_network_address_usage_metrics": false,
            "id": "vpc-0eae1ea9b766a8418",
            "instance_tenancy": "default",
            "ipv4_ipam_pool_id": null,
            "ipv4_netmask_length": null,
            "ipv6_association_id": "",
            "ipv6_cidr_block": "",
            "ipv6_cidr_block_network_border_group": "",
            "ipv6_ipam_pool_id": "",
            "ipv6_netmask_length": 0,
            "main_route_table_id": "rtb-039f5cc637d7841a4",
            "owner_id": "445605964569",
            "tags": {
              "Name": "github-actions-test"
            },
            "tags_all": {
              "Name": "github-actions-test"
            }
          },
          "sensitive_attributes": [],
          "private": "eyJzY2hlbWFfdmVyc2lvbiI6IjEifQ=="
        }
      ]
    }
  ],
  "check_results": null
}
